
Microsoft Visual Studio Solution File, Format Version 12.00
# Visual Studio Version 17
VisualStudioVersion = 17.8.34004.107
MinimumVisualStudioVersion = 10.0.40219.1
Project("{8BC9CEB8-8B4A-11D0-8D11-00A0C91BC942}") = "lab05(asd)", "lab05(asd)\lab05(asd).vcxproj", "{5DF37F10-C92F-45AE-AF2D-BC614817AC2F}"
EndProject
Global
	GlobalSection(SolutionConfigurationPlatforms) = preSolution
		Debug|x64 = Debug|x64
		Debug|x86 = Debug|x86
		Release|x64 = Release|x64
		Release|x86 = Release|x86
	EndGlobalSection
	GlobalSection(ProjectConfigurationPlatforms) = postSolution
		{5DF37F10-C92F-45AE-AF2D-BC614817AC2F}.Debug|x64.ActiveCfg = Debug|x64
		{5DF37F10-C92F-45AE-AF2D-BC614817AC2F}.Debug|x64.Build.0 = Debug|x64
		{5DF37F10-C92F-45AE-AF2D-BC614817AC2F}.Debug|x86.ActiveCfg = Debug|Win32
		{5DF37F10-C92F-45AE-AF2D-BC614817AC2F}.Debug|x86.Build.0 = Debug|Win32
		{5DF37F10-C92F-45AE-AF2D-BC614817AC2F}.Release|x64.ActiveCfg = Release|x64
		{5DF37F10-C92F-45AE-AF2D-BC614817AC2F}.Release|x64.Build.0 = Release|x64
		{5DF37F10-C92F-45AE-AF2D-BC614817AC2F}.Release|x86.ActiveCfg = Release|Win32
		{5DF37F10-C92F-45AE-AF2D-BC614817AC2F}.Release|x86.Build.0 = Release|Win32
	EndGlobalSection
	GlobalSection(SolutionProperties) = preSolution
		HideSolutionNode = FALSE
	EndGlobalSection
	GlobalSection(ExtensibilityGlobals) = postSolution
		SolutionGuid = {4B400B67-F1C0-4D32-933E-B5E7E4991F65}
	EndGlobalSection
EndGlobal
